// !$*UTF8*$!
{
	archiveVersion = 1;
	classes = {
	};
	objectVersion = 50;
	objects = {

/* Begin PBXBuildFile section */
		12A6A98B216105A6007DDCFD /* AppDelegate.swift in Sources */ = {isa = PBXBuildFile; fileRef = 12A6A98A216105A6007DDCFD /* AppDelegate.swift */; };
		12A6A990216105A7007DDCFD /* Main.storyboard in Resources */ = {isa = PBXBuildFile; fileRef = 12A6A98E216105A7007DDCFD /* Main.storyboard */; };
		12A6A992216105A7007DDCFD /* Assets.xcassets in Resources */ = {isa = PBXBuildFile; fileRef = 12A6A991216105A7007DDCFD /* Assets.xcassets */; };
		12A6A995216105A7007DDCFD /* LaunchScreen.storyboard in Resources */ = {isa = PBXBuildFile; fileRef = 12A6A993216105A7007DDCFD /* LaunchScreen.storyboard */; };
		12A6A9A2216105ED007DDCFD /* AboutVC.swift in Sources */ = {isa = PBXBuildFile; fileRef = 12A6A9A1216105ED007DDCFD /* AboutVC.swift */; };
		12A6A9A4216105F5007DDCFD /* HelpVC.swift in Sources */ = {isa = PBXBuildFile; fileRef = 12A6A9A3216105F5007DDCFD /* HelpVC.swift */; };
		12A6A9A621610609007DDCFD /* MenuVC.swift in Sources */ = {isa = PBXBuildFile; fileRef = 12A6A9A521610609007DDCFD /* MenuVC.swift */; };
		12A6A9A821610615007DDCFD /* PracticeVC.swift in Sources */ = {isa = PBXBuildFile; fileRef = 12A6A9A721610615007DDCFD /* PracticeVC.swift */; };
		12A6A9AA21610624007DDCFD /* SettingsVC.swift in Sources */ = {isa = PBXBuildFile; fileRef = 12A6A9A921610624007DDCFD /* SettingsVC.swift */; };
		12A6A9AC2161063D007DDCFD /* DesignConstants.swift in Sources */ = {isa = PBXBuildFile; fileRef = 12A6A9AB2161063D007DDCFD /* DesignConstants.swift */; };
		12A6A9AF21611FBB007DDCFD /* UIButtonExtensions.swift in Sources */ = {isa = PBXBuildFile; fileRef = 12A6A9AE21611FBB007DDCFD /* UIButtonExtensions.swift */; };
		12A6A9B121611FDC007DDCFD /* UIColorExtensions.swift in Sources */ = {isa = PBXBuildFile; fileRef = 12A6A9B021611FDC007DDCFD /* UIColorExtensions.swift */; };
		12A6A9B321611FFB007DDCFD /* UILabelExtensions.swift in Sources */ = {isa = PBXBuildFile; fileRef = 12A6A9B221611FFB007DDCFD /* UILabelExtensions.swift */; };
		12A6A9B521612024007DDCFD /* UIViewControllerExtensions.swift in Sources */ = {isa = PBXBuildFile; fileRef = 12A6A9B421612024007DDCFD /* UIViewControllerExtensions.swift */; };
		12A6A9B721612112007DDCFD /* AppConstants.swift in Sources */ = {isa = PBXBuildFile; fileRef = 12A6A9B621612112007DDCFD /* AppConstants.swift */; };
		12A6A9B9216122DB007DDCFD /* UIViewExtensions.swift in Sources */ = {isa = PBXBuildFile; fileRef = 12A6A9B8216122DB007DDCFD /* UIViewExtensions.swift */; };
		12A6A9BB216124A7007DDCFD /* UIStringExtensions.swift in Sources */ = {isa = PBXBuildFile; fileRef = 12A6A9BA216124A7007DDCFD /* UIStringExtensions.swift */; };
/* End PBXBuildFile section */

/* Begin PBXFileReference section */
		12A6A987216105A6007DDCFD /* TheWoodshed.app */ = {isa = PBXFileReference; explicitFileType = wrapper.application; includeInIndex = 0; path = TheWoodshed.app; sourceTree = BUILT_PRODUCTS_DIR; };
		12A6A98A216105A6007DDCFD /* AppDelegate.swift */ = {isa = PBXFileReference; lastKnownFileType = sourcecode.swift; path = AppDelegate.swift; sourceTree = "<group>"; };
		12A6A98F216105A7007DDCFD /* Base */ = {isa = PBXFileReference; lastKnownFileType = file.storyboard; name = Base; path = Base.lproj/Main.storyboard; sourceTree = "<group>"; };
		12A6A991216105A7007DDCFD /* Assets.xcassets */ = {isa = PBXFileReference; lastKnownFileType = folder.assetcatalog; path = Assets.xcassets; sourceTree = "<group>"; };
		12A6A994216105A7007DDCFD /* Base */ = {isa = PBXFileReference; lastKnownFileType = file.storyboard; name = Base; path = Base.lproj/LaunchScreen.storyboard; sourceTree = "<group>"; };
		12A6A996216105A7007DDCFD /* Info.plist */ = {isa = PBXFileReference; lastKnownFileType = text.plist.xml; path = Info.plist; sourceTree = "<group>"; };
		12A6A9A1216105ED007DDCFD /* AboutVC.swift */ = {isa = PBXFileReference; lastKnownFileType = sourcecode.swift; path = AboutVC.swift; sourceTree = "<group>"; };
		12A6A9A3216105F5007DDCFD /* HelpVC.swift */ = {isa = PBXFileReference; lastKnownFileType = sourcecode.swift; path = HelpVC.swift; sourceTree = "<group>"; };
		12A6A9A521610609007DDCFD /* MenuVC.swift */ = {isa = PBXFileReference; lastKnownFileType = sourcecode.swift; path = MenuVC.swift; sourceTree = "<group>"; };
		12A6A9A721610615007DDCFD /* PracticeVC.swift */ = {isa = PBXFileReference; lastKnownFileType = sourcecode.swift; path = PracticeVC.swift; sourceTree = "<group>"; };
		12A6A9A921610624007DDCFD /* SettingsVC.swift */ = {isa = PBXFileReference; lastKnownFileType = sourcecode.swift; path = SettingsVC.swift; sourceTree = "<group>"; };
		12A6A9AB2161063D007DDCFD /* DesignConstants.swift */ = {isa = PBXFileReference; lastKnownFileType = sourcecode.swift; path = DesignConstants.swift; sourceTree = "<group>"; };
		12A6A9AE21611FBB007DDCFD /* UIButtonExtensions.swift */ = {isa = PBXFileReference; lastKnownFileType = sourcecode.swift; path = UIButtonExtensions.swift; sourceTree = "<group>"; };
		12A6A9B021611FDC007DDCFD /* UIColorExtensions.swift */ = {isa = PBXFileReference; lastKnownFileType = sourcecode.swift; path = UIColorExtensions.swift; sourceTree = "<group>"; };
		12A6A9B221611FFB007DDCFD /* UILabelExtensions.swift */ = {isa = PBXFileReference; lastKnownFileType = sourcecode.swift; path = UILabelExtensions.swift; sourceTree = "<group>"; };
		12A6A9B421612024007DDCFD /* UIViewControllerExtensions.swift */ = {isa = PBXFileReference; lastKnownFileType = sourcecode.swift; path = UIViewControllerExtensions.swift; sourceTree = "<group>"; };
		12A6A9B621612112007DDCFD /* AppConstants.swift */ = {isa = PBXFileReference; lastKnownFileType = sourcecode.swift; path = AppConstants.swift; sourceTree = "<group>"; };
		12A6A9B8216122DB007DDCFD /* UIViewExtensions.swift */ = {isa = PBXFileReference; lastKnownFileType = sourcecode.swift; path = UIViewExtensions.swift; sourceTree = "<group>"; };
		12A6A9BA216124A7007DDCFD /* UIStringExtensions.swift */ = {isa = PBXFileReference; lastKnownFileType = sourcecode.swift; path = UIStringExtensions.swift; sourceTree = "<group>"; };
/* End PBXFileReference section */

/* Begin PBXFrameworksBuildPhase section */
		12A6A984216105A6007DDCFD /* Frameworks */ = {
			isa = PBXFrameworksBuildPhase;
			buildActionMask = 2147483647;
			files = (
			);
			runOnlyForDeploymentPostprocessing = 0;
		};
/* End PBXFrameworksBuildPhase section */

/* Begin PBXGroup section */
		12A6A97E216105A6007DDCFD = {
			isa = PBXGroup;
			children = (
				12A6A989216105A6007DDCFD /* TheWoodshed */,
				12A6A988216105A6007DDCFD /* Products */,
			);
			sourceTree = "<group>";
		};
		12A6A988216105A6007DDCFD /* Products */ = {
			isa = PBXGroup;
			children = (
				12A6A987216105A6007DDCFD /* TheWoodshed.app */,
			);
			name = Products;
			sourceTree = "<group>";
		};
		12A6A989216105A6007DDCFD /* TheWoodshed */ = {
			isa = PBXGroup;
			children = (
				12A6A99C216105AC007DDCFD /* Categories */,
				12A6A99D216105B3007DDCFD /* Controller */,
				12A6A9AD21611F9B007DDCFD /* Extensions */,
				12A6A99E216105BC007DDCFD /* Model */,
				12A6A99F216105C2007DDCFD /* Sound */,
				12A6A9A0216105CA007DDCFD /* View */,
				12A6A98A216105A6007DDCFD /* AppDelegate.swift */,
				12A6A991216105A7007DDCFD /* Assets.xcassets */,
				12A6A996216105A7007DDCFD /* Info.plist */,
			);
			path = TheWoodshed;
			sourceTree = "<group>";
		};
		12A6A99C216105AC007DDCFD /* Categories */ = {
			isa = PBXGroup;
			children = (
			);
			path = Categories;
			sourceTree = "<group>";
		};
		12A6A99D216105B3007DDCFD /* Controller */ = {
			isa = PBXGroup;
			children = (
				12A6A9A1216105ED007DDCFD /* AboutVC.swift */,
				12A6A9A3216105F5007DDCFD /* HelpVC.swift */,
				12A6A9A521610609007DDCFD /* MenuVC.swift */,
				12A6A9A721610615007DDCFD /* PracticeVC.swift */,
				12A6A9A921610624007DDCFD /* SettingsVC.swift */,
			);
			path = Controller;
			sourceTree = "<group>";
		};
		12A6A99E216105BC007DDCFD /* Model */ = {
			isa = PBXGroup;
			children = (
				12A6A9AB2161063D007DDCFD /* DesignConstants.swift */,
				12A6A9B621612112007DDCFD /* AppConstants.swift */,
			);
			path = Model;
			sourceTree = "<group>";
		};
		12A6A99F216105C2007DDCFD /* Sound */ = {
			isa = PBXGroup;
			children = (
			);
			path = Sound;
			sourceTree = "<group>";
		};
		12A6A9A0216105CA007DDCFD /* View */ = {
			isa = PBXGroup;
			children = (
				12A6A98E216105A7007DDCFD /* Main.storyboard */,
				12A6A993216105A7007DDCFD /* LaunchScreen.storyboard */,
			);
			path = View;
			sourceTree = "<group>";
		};
		12A6A9AD21611F9B007DDCFD /* Extensions */ = {
			isa = PBXGroup;
			children = (
				12A6A9AE21611FBB007DDCFD /* UIButtonExtensions.swift */,
				12A6A9B021611FDC007DDCFD /* UIColorExtensions.swift */,
				12A6A9B221611FFB007DDCFD /* UILabelExtensions.swift */,
				12A6A9B421612024007DDCFD /* UIViewControllerExtensions.swift */,
				12A6A9B8216122DB007DDCFD /* UIViewExtensions.swift */,
				12A6A9BA216124A7007DDCFD /* UIStringExtensions.swift */,
			);
			path = Extensions;
			sourceTree = "<group>";
		};
/* End PBXGroup section */

/* Begin PBXNativeTarget section */
		12A6A986216105A6007DDCFD /* TheWoodshed */ = {
			isa = PBXNativeTarget;
			buildConfigurationList = 12A6A999216105A7007DDCFD /* Build configuration list for PBXNativeTarget "TheWoodshed" */;
			buildPhases = (
				12A6A983216105A6007DDCFD /* Sources */,
				12A6A984216105A6007DDCFD /* Frameworks */,
				12A6A985216105A6007DDCFD /* Resources */,
			);
			buildRules = (
			);
			dependencies = (
			);
			name = TheWoodshed;
			productName = TheWoodshed;
			productReference = 12A6A987216105A6007DDCFD /* TheWoodshed.app */;
			productType = "com.apple.product-type.application";
		};
/* End PBXNativeTarget section */

/* Begin PBXProject section */
		12A6A97F216105A6007DDCFD /* Project object */ = {
			isa = PBXProject;
			attributes = {
				LastSwiftUpdateCheck = 1000;
				LastUpgradeCheck = 1000;
				ORGANIZATIONNAME = "roux g. buciu";
				TargetAttributes = {
					12A6A986216105A6007DDCFD = {
						CreatedOnToolsVersion = 10.0;
					};
				};
			};
			buildConfigurationList = 12A6A982216105A6007DDCFD /* Build configuration list for PBXProject "TheWoodshed" */;
			compatibilityVersion = "Xcode 9.3";
			developmentRegion = en;
			hasScannedForEncodings = 0;
			knownRegions = (
				en,
				Base,
			);
			mainGroup = 12A6A97E216105A6007DDCFD;
			productRefGroup = 12A6A988216105A6007DDCFD /* Products */;
			projectDirPath = "";
			projectRoot = "";
			targets = (
				12A6A986216105A6007DDCFD /* TheWoodshed */,
			);
		};
/* End PBXProject section */

/* Begin PBXResourcesBuildPhase section */
		12A6A985216105A6007DDCFD /* Resources */ = {
			isa = PBXResourcesBuildPhase;
			buildActionMask = 2147483647;
			files = (
				12A6A995216105A7007DDCFD /* LaunchScreen.storyboard in Resources */,
				12A6A992216105A7007DDCFD /* Assets.xcassets in Resources */,
				12A6A990216105A7007DDCFD /* Main.storyboard in Resources */,
			);
			runOnlyForDeploymentPostprocessing = 0;
		};
/* End PBXResourcesBuildPhase section */

/* Begin PBXSourcesBuildPhase section */
		12A6A983216105A6007DDCFD /* Sources */ = {
			isa = PBXSourcesBuildPhase;
			buildActionMask = 2147483647;
			files = (
				12A6A9B121611FDC007DDCFD /* UIColorExtensions.swift in Sources */,
				12A6A9B521612024007DDCFD /* UIViewControllerExtensions.swift in Sources */,
				12A6A9A4216105F5007DDCFD /* HelpVC.swift in Sources */,
				12A6A9B9216122DB007DDCFD /* UIViewExtensions.swift in Sources */,
				12A6A9B321611FFB007DDCFD /* UILabelExtensions.swift in Sources */,
				12A6A9A621610609007DDCFD /* MenuVC.swift in Sources */,
				12A6A9A2216105ED007DDCFD /* AboutVC.swift in Sources */,
				12A6A9A821610615007DDCFD /* PracticeVC.swift in Sources */,
				12A6A9BB216124A7007DDCFD /* UIStringExtensions.swift in Sources */,
				12A6A9B721612112007DDCFD /* AppConstants.swift in Sources */,
				12A6A98B216105A6007DDCFD /* AppDelegate.swift in Sources */,
				12A6A9AF21611FBB007DDCFD /* UIButtonExtensions.swift in Sources */,
				12A6A9AC2161063D007DDCFD /* DesignConstants.swift in Sources */,
				12A6A9AA21610624007DDCFD /* SettingsVC.swift in Sources */,
			);
			runOnlyForDeploymentPostprocessing = 0;
		};
/* End PBXSourcesBuildPhase section */

/* Begin PBXVariantGroup section */
		12A6A98E216105A7007DDCFD /* Main.storyboard */ = {
			isa = PBXVariantGroup;
			children = (
				12A6A98F216105A7007DDCFD /* Base */,
			);
			name = Main.storyboard;
			sourceTree = "<group>";
		};
		12A6A993216105A7007DDCFD /* LaunchScreen.storyboard */ = {
			isa = PBXVariantGroup;
			children = (
				12A6A994216105A7007DDCFD /* Base */,
			);
			name = LaunchScreen.storyboard;
			sourceTree = "<group>";
		};
/* End PBXVariantGroup section */

/* Begin XCBuildConfiguration section */
		12A6A997216105A7007DDCFD /* Debug */ = {
			isa = XCBuildConfiguration;
			buildSettings = {
				ALWAYS_SEARCH_USER_PATHS = NO;
				CLANG_ANALYZER_NONNULL = YES;
				CLANG_ANALYZER_NUMBER_OBJECT_CONVERSION = YES_AGGRESSIVE;
				CLANG_CXX_LANGUAGE_STANDARD = "gnu++14";
				CLANG_CXX_LIBRARY = "libc++";
				CLANG_ENABLE_MODULES = YES;
				CLANG_ENABLE_OBJC_ARC = YES;
				CLANG_ENABLE_OBJC_WEAK = YES;
				CLANG_WARN_BLOCK_CAPTURE_AUTORELEASING = YES;
				CLANG_WARN_BOOL_CONVERSION = YES;
				CLANG_WARN_COMMA = YES;
				CLANG_WARN_CONSTANT_CONVERSION = YES;
				CLANG_WARN_DEPRECATED_OBJC_IMPLEMENTATIONS = YES;
				CLANG_WARN_DIRECT_OBJC_ISA_USAGE = YES_ERROR;
				CLANG_WARN_DOCUMENTATION_COMMENTS = YES;
				CLANG_WARN_EMPTY_BODY = YES;
				CLANG_WARN_ENUM_CONVERSION = YES;
				CLANG_WARN_INFINITE_RECURSION = YES;
				CLANG_WARN_INT_CONVERSION = YES;
				CLANG_WARN_NON_LITERAL_NULL_CONVERSION = YES;
				CLANG_WARN_OBJC_IMPLICIT_RETAIN_SELF = YES;
				CLANG_WARN_OBJC_LITERAL_CONVERSION = YES;
				CLANG_WARN_OBJC_ROOT_CLASS = YES_ERROR;
				CLANG_WARN_RANGE_LOOP_ANALYSIS = YES;
				CLANG_WARN_STRICT_PROTOTYPES = YES;
				CLANG_WARN_SUSPICIOUS_MOVE = YES;
				CLANG_WARN_UNGUARDED_AVAILABILITY = YES_AGGRESSIVE;
				CLANG_WARN_UNREACHABLE_CODE = YES;
				CLANG_WARN__DUPLICATE_METHOD_MATCH = YES;
				CODE_SIGN_IDENTITY = "iPhone Developer";
				COPY_PHASE_STRIP = NO;
				DEBUG_INFORMATION_FORMAT = dwarf;
				ENABLE_STRICT_OBJC_MSGSEND = YES;
				ENABLE_TESTABILITY = YES;
				GCC_C_LANGUAGE_STANDARD = gnu11;
				GCC_DYNAMIC_NO_PIC = NO;
				GCC_NO_COMMON_BLOCKS = YES;
				GCC_OPTIMIZATION_LEVEL = 0;
				GCC_PREPROCESSOR_DEFINITIONS = (
					"DEBUG=1",
					"$(inherited)",
				);
				GCC_WARN_64_TO_32_BIT_CONVERSION = YES;
				GCC_WARN_ABOUT_RETURN_TYPE = YES_ERROR;
				GCC_WARN_UNDECLARED_SELECTOR = YES;
				GCC_WARN_UNINITIALIZED_AUTOS = YES_AGGRESSIVE;
				GCC_WARN_UNUSED_FUNCTION = YES;
				GCC_WARN_UNUSED_VARIABLE = YES;
				IPHONEOS_DEPLOYMENT_TARGET = 12.0;
				MTL_ENABLE_DEBUG_INFO = INCLUDE_SOURCE;
				MTL_FAST_MATH = YES;
				ONLY_ACTIVE_ARCH = YES;
				SDKROOT = iphoneos;
				SWIFT_ACTIVE_COMPILATION_CONDITIONS = DEBUG;
				SWIFT_OPTIMIZATION_LEVEL = "-Onone";
			};
			name = Debug;
		};
		12A6A998216105A7007DDCFD /* Release */ = {
			isa = XCBuildConfiguration;
			buildSettings = {
				ALWAYS_SEARCH_USER_PATHS = NO;
				CLANG_ANALYZER_NONNULL = YES;
				CLANG_ANALYZER_NUMBER_OBJECT_CONVERSION = YES_AGGRESSIVE;
				CLANG_CXX_LANGUAGE_STANDARD = "gnu++14";
				CLANG_CXX_LIBRARY = "libc++";
				CLANG_ENABLE_MODULES = YES;
				CLANG_ENABLE_OBJC_ARC = YES;
				CLANG_ENABLE_OBJC_WEAK = YES;
				CLANG_WARN_BLOCK_CAPTURE_AUTORELEASING = YES;
				CLANG_WARN_BOOL_CONVERSION = YES;
				CLANG_WARN_COMMA = YES;
				CLANG_WARN_CONSTANT_CONVERSION = YES;
				CLANG_WARN_DEPRECATED_OBJC_IMPLEMENTATIONS = YES;
				CLANG_WARN_DIRECT_OBJC_ISA_USAGE = YES_ERROR;
				CLANG_WARN_DOCUMENTATION_COMMENTS = YES;
				CLANG_WARN_EMPTY_BODY = YES;
				CLANG_WARN_ENUM_CONVERSION = YES;
				CLANG_WARN_INFINITE_RECURSION = YES;
				CLANG_WARN_INT_CONVERSION = YES;
				CLANG_WARN_NON_LITERAL_NULL_CONVERSION = YES;
				CLANG_WARN_OBJC_IMPLICIT_RETAIN_SELF = YES;
				CLANG_WARN_OBJC_LITERAL_CONVERSION = YES;
				CLANG_WARN_OBJC_ROOT_CLASS = YES_ERROR;
				CLANG_WARN_RANGE_LOOP_ANALYSIS = YES;
				CLANG_WARN_STRICT_PROTOTYPES = YES;
				CLANG_WARN_SUSPICIOUS_MOVE = YES;
				CLANG_WARN_UNGUARDED_AVAILABILITY = YES_AGGRESSIVE;
				CLANG_WARN_UNREACHABLE_CODE = YES;
				CLANG_WARN__DUPLICATE_METHOD_MATCH = YES;
				CODE_SIGN_IDENTITY = "iPhone Developer";
				COPY_PHASE_STRIP = NO;
				DEBUG_INFORMATION_FORMAT = "dwarf-with-dsym";
				ENABLE_NS_ASSERTIONS = NO;
				ENABLE_STRICT_OBJC_MSGSEND = YES;
				GCC_C_LANGUAGE_STANDARD = gnu11;
				GCC_NO_COMMON_BLOCKS = YES;
				GCC_WARN_64_TO_32_BIT_CONVERSION = YES;
				GCC_WARN_ABOUT_RETURN_TYPE = YES_ERROR;
				GCC_WARN_UNDECLARED_SELECTOR = YES;
				GCC_WARN_UNINITIALIZED_AUTOS = YES_AGGRESSIVE;
				GCC_WARN_UNUSED_FUNCTION = YES;
				GCC_WARN_UNUSED_VARIABLE = YES;
				IPHONEOS_DEPLOYMENT_TARGET = 12.0;
				MTL_ENABLE_DEBUG_INFO = NO;
				MTL_FAST_MATH = YES;
				SDKROOT = iphoneos;
				SWIFT_COMPILATION_MODE = wholemodule;
				SWIFT_OPTIMIZATION_LEVEL = "-O";
				VALIDATE_PRODUCT = YES;
			};
			name = Release;
		};
		12A6A99A216105A7007DDCFD /* Debug */ = {
			isa = XCBuildConfiguration;
			buildSettings = {
				ASSETCATALOG_COMPILER_APPICON_NAME = AppIcon;
				CODE_SIGN_STYLE = Automatic;
				DEVELOPMENT_TEAM = 8DD4C7KK4P;
				INFOPLIST_FILE = TheWoodshed/Info.plist;
				LD_RUNPATH_SEARCH_PATHS = (
					"$(inherited)",
					"@executable_path/Frameworks",
				);
				PRODUCT_BUNDLE_IDENTIFIER = com.acmelabs.TheWoodshed;
				PRODUCT_NAME = "$(TARGET_NAME)";
				SWIFT_VERSION = 4.2;
				TARGETED_DEVICE_FAMILY = "1,2";
			};
			name = Debug;
		};
		12A6A99B216105A7007DDCFD /* Release */ = {
			isa = XCBuildConfiguration;
			buildSettings = {
				ASSETCATALOG_COMPILER_APPICON_NAME = AppIcon;
				CODE_SIGN_STYLE = Automatic;
				DEVELOPMENT_TEAM = 8DD4C7KK4P;
				INFOPLIST_FILE = TheWoodshed/Info.plist;
				LD_RUNPATH_SEARCH_PATHS = (
					"$(inherited)",
					"@executable_path/Frameworks",
				);
				PRODUCT_BUNDLE_IDENTIFIER = com.acmelabs.TheWoodshed;
				PRODUCT_NAME = "$(TARGET_NAME)";
				SWIFT_VERSION = 4.2;
				TARGETED_DEVICE_FAMILY = "1,2";
			};
			name = Release;
		};
/* End XCBuildConfiguration section */

/* Begin XCConfigurationList section */
		12A6A982216105A6007DDCFD /* Build configuration list for PBXProject "TheWoodshed" */ = {
			isa = XCConfigurationList;
			buildConfigurations = (
				12A6A997216105A7007DDCFD /* Debug */,
				12A6A998216105A7007DDCFD /* Release */,
			);
			defaultConfigurationIsVisible = 0;
			defaultConfigurationName = Release;
		};
		12A6A999216105A7007DDCFD /* Build configuration list for PBXNativeTarget "TheWoodshed" */ = {
			isa = XCConfigurationList;
			buildConfigurations = (
				12A6A99A216105A7007DDCFD /* Debug */,
				12A6A99B216105A7007DDCFD /* Release */,
			);
			defaultConfigurationIsVisible = 0;
			defaultConfigurationName = Release;
		};
/* End XCConfigurationList section */
	};
	rootObject = 12A6A97F216105A6007DDCFD /* Project object */;
}
